// !$*UTF8*$!
{
	archiveVersion = 1;
	classes = {
	};
	objectVersion = 46;
	objects = {

/* Begin PBXBuildFile section */
		4DBD994E1CF4140B00E9B1F8 /* AppDelegate.swift in Sources */ = {isa = PBXBuildFile; fileRef = 4DBD994D1CF4140B00E9B1F8 /* AppDelegate.swift */; };
		4DBD99501CF4140B00E9B1F8 /* MasterViewController.swift in Sources */ = {isa = PBXBuildFile; fileRef = 4DBD994F1CF4140B00E9B1F8 /* MasterViewController.swift */; };
		4DBD99521CF4140B00E9B1F8 /* DetailViewController.swift in Sources */ = {isa = PBXBuildFile; fileRef = 4DBD99511CF4140B00E9B1F8 /* DetailViewController.swift */; };
		4DBD99551CF4140B00E9B1F8 /* Main.storyboard in Resources */ = {isa = PBXBuildFile; fileRef = 4DBD99531CF4140B00E9B1F8 /* Main.storyboard */; };
		4DBD99571CF4140B00E9B1F8 /* Assets.xcassets in Resources */ = {isa = PBXBuildFile; fileRef = 4DBD99561CF4140B00E9B1F8 /* Assets.xcassets */; };
		4DBD995A1CF4140B00E9B1F8 /* LaunchScreen.storyboard in Resources */ = {isa = PBXBuildFile; fileRef = 4DBD99581CF4140B00E9B1F8 /* LaunchScreen.storyboard */; };
/* End PBXBuildFile section */

/* Begin PBXFileReference section */
		4DBD994A1CF4140B00E9B1F8 /* Sample8-2.app */ = {isa = PBXFileReference; explicitFileType = wrapper.application; includeInIndex = 0; path = "Sample8-2.app"; sourceTree = BUILT_PRODUCTS_DIR; };
		4DBD994D1CF4140B00E9B1F8 /* AppDelegate.swift */ = {isa = PBXFileReference; lastKnownFileType = sourcecode.swift; path = AppDelegate.swift; sourceTree = "<group>"; };
		4DBD994F1CF4140B00E9B1F8 /* MasterViewController.swift */ = {isa = PBXFileReference; lastKnownFileType = sourcecode.swift; path = MasterViewController.swift; sourceTree = "<group>"; };
		4DBD99511CF4140B00E9B1F8 /* DetailViewController.swift */ = {isa = PBXFileReference; lastKnownFileType = sourcecode.swift; path = DetailViewController.swift; sourceTree = "<group>"; };
		4DBD99541CF4140B00E9B1F8 /* Base */ = {isa = PBXFileReference; lastKnownFileType = file.storyboard; name = Base; path = Base.lproj/Main.storyboard; sourceTree = "<group>"; };
		4DBD99561CF4140B00E9B1F8 /* Assets.xcassets */ = {isa = PBXFileReference; lastKnownFileType = folder.assetcatalog; path = Assets.xcassets; sourceTree = "<group>"; };
		4DBD99591CF4140B00E9B1F8 /* Base */ = {isa = PBXFileReference; lastKnownFileType = file.storyboard; name = Base; path = Base.lproj/LaunchScreen.storyboard; sourceTree = "<group>"; };
		4DBD995B1CF4140B00E9B1F8 /* Info.plist */ = {isa = PBXFileReference; lastKnownFileType = text.plist.xml; path = Info.plist; sourceTree = "<group>"; };
/* End PBXFileReference section */

/* Begin PBXFrameworksBuildPhase section */
		4DBD99471CF4140B00E9B1F8 /* Frameworks */ = {
			isa = PBXFrameworksBuildPhase;
			buildActionMask = 2147483647;
			files = (
			);
			runOnlyForDeploymentPostprocessing = 0;
		};
/* End PBXFrameworksBuildPhase section */

/* Begin PBXGroup section */
		4DBD99411CF4140A00E9B1F8 = {
			isa = PBXGroup;
			children = (
				4DBD994C1CF4140B00E9B1F8 /* Sample8-2 */,
				4DBD994B1CF4140B00E9B1F8 /* Products */,
			);
			sourceTree = "<group>";
		};
		4DBD994B1CF4140B00E9B1F8 /* Products */ = {
			isa = PBXGroup;
			children = (
				4DBD994A1CF4140B00E9B1F8 /* Sample8-2.app */,
			);
			name = Products;
			sourceTree = "<group>";
		};
		4DBD994C1CF4140B00E9B1F8 /* Sample8-2 */ = {
			isa = PBXGroup;
			children = (
				4DBD994D1CF4140B00E9B1F8 /* AppDelegate.swift */,
				4DBD994F1CF4140B00E9B1F8 /* MasterViewController.swift */,
				4DBD99511CF4140B00E9B1F8 /* DetailViewController.swift */,
				4DBD99531CF4140B00E9B1F8 /* Main.storyboard */,
				4DBD99561CF4140B00E9B1F8 /* Assets.xcassets */,
				4DBD99581CF4140B00E9B1F8 /* LaunchScreen.storyboard */,
				4DBD995B1CF4140B00E9B1F8 /* Info.plist */,
			);
			path = "Sample8-2";
			sourceTree = "<group>";
		};
/* End PBXGroup section */

/* Begin PBXNativeTarget section */
		4DBD99491CF4140B00E9B1F8 /* Sample8-2 */ = {
			isa = PBXNativeTarget;
			buildConfigurationList = 4DBD995E1CF4140B00E9B1F8 /* Build configuration list for PBXNativeTarget "Sample8-2" */;
			buildPhases = (
				4DBD99461CF4140B00E9B1F8 /* Sources */,
				4DBD99471CF4140B00E9B1F8 /* Frameworks */,
				4DBD99481CF4140B00E9B1F8 /* Resources */,
			);
			buildRules = (
			);
			dependencies = (
			);
			name = "Sample8-2";
			productName = "Sample8-2";
			productReference = 4DBD994A1CF4140B00E9B1F8 /* Sample8-2.app */;
			productType = "com.apple.product-type.application";
		};
/* End PBXNativeTarget section */

/* Begin PBXProject section */
		4DBD99421CF4140A00E9B1F8 /* Project object */ = {
			isa = PBXProject;
			attributes = {
				LastSwiftUpdateCheck = 0720;
				LastUpgradeCheck = 0720;
				ORGANIZATIONNAME = KasumiIwamoto;
				TargetAttributes = {
					4DBD99491CF4140B00E9B1F8 = {
						CreatedOnToolsVersion = 7.2;
						DevelopmentTeam = 98NPPQ4964;
					};
				};
			};
			buildConfigurationList = 4DBD99451CF4140A00E9B1F8 /* Build configuration list for PBXProject "Sample8-2" */;
			compatibilityVersion = "Xcode 3.2";
			developmentRegion = English;
			hasScannedForEncodings = 0;
			knownRegions = (
				en,
				Base,
			);
			mainGroup = 4DBD99411CF4140A00E9B1F8;
			productRefGroup = 4DBD994B1CF4140B00E9B1F8 /* Products */;
			projectDirPath = "";
			projectRoot = "";
			targets = (
				4DBD99491CF4140B00E9B1F8 /* Sample8-2 */,
			);
		};
/* End PBXProject section */

/* Begin PBXResourcesBuildPhase section */
		4DBD99481CF4140B00E9B1F8 /* Resources */ = {
			isa = PBXResourcesBuildPhase;
			buildActionMask = 2147483647;
			files = (
				4DBD995A1CF4140B00E9B1F8 /* LaunchScreen.storyboard in Resources */,
				4DBD99571CF4140B00E9B1F8 /* Assets.xcassets in Resources */,
				4DBD99551CF4140B00E9B1F8 /* Main.storyboard in Resources */,
			);
			runOnlyForDeploymentPostprocessing = 0;
		};
/* End PBXResourcesBuildPhase section */

/* Begin PBXSourcesBuildPhase section */
		4DBD99461CF4140B00E9B1F8 /* Sources */ = {
			isa = PBXSourcesBuildPhase;
			buildActionMask = 2147483647;
			files = (
				4DBD99521CF4140B00E9B1F8 /* DetailViewController.swift in Sources */,
				4DBD99501CF4140B00E9B1F8 /* MasterViewController.swift in Sources */,
				4DBD994E1CF4140B00E9B1F8 /* AppDelegate.swift in Sources */,
			);
			runOnlyForDeploymentPostprocessing = 0;
		};
/* End PBXSourcesBuildPhase section */

/* Begin PBXVariantGroup section */
		4DBD99531CF4140B00E9B1F8 /* Main.storyboard */ = {
			isa = PBXVariantGroup;
			children = (
				4DBD99541CF4140B00E9B1F8 /* Base */,
			);
			name = Main.storyboard;
			sourceTree = "<group>";
		};
		4DBD99581CF4140B00E9B1F8 /* LaunchScreen.storyboard */ = {
			isa = PBXVariantGroup;
			children = (
				4DBD99591CF4140B00E9B1F8 /* Base */,
			);
			name = LaunchScreen.storyboard;
			sourceTree = "<group>";
		};
/* End PBXVariantGroup section */

/* Begin XCBuildConfiguration section */
		4DBD995C1CF4140B00E9B1F8 /* Debug */ = {
			isa = XCBuildConfiguration;
			buildSettings = {
				ALWAYS_SEARCH_USER_PATHS = NO;
				CLANG_CXX_LANGUAGE_STANDARD = "gnu++0x";
				CLANG_CXX_LIBRARY = "libc++";
				CLANG_ENABLE_MODULES = YES;
				CLANG_ENABLE_OBJC_ARC = YES;
				CLANG_WARN_BOOL_CONVERSION = YES;
				CLANG_WARN_CONSTANT_CONVERSION = YES;
				CLANG_WARN_DIRECT_OBJC_ISA_USAGE = YES_ERROR;
				CLANG_WARN_EMPTY_BODY = YES;
				CLANG_WARN_ENUM_CONVERSION = YES;
				CLANG_WARN_INT_CONVERSION = YES;
				CLANG_WARN_OBJC_ROOT_CLASS = YES_ERROR;
				CLANG_WARN_UNREACHABLE_CODE = YES;
				CLANG_WARN__DUPLICATE_METHOD_MATCH = YES;
				"CODE_SIGN_IDENTITY[sdk=iphoneos*]" = "iPhone Developer";
				COPY_PHASE_STRIP = NO;
				DEBUG_INFORMATION_FORMAT = dwarf;
				ENABLE_STRICT_OBJC_MSGSEND = YES;
				ENABLE_TESTABILITY = YES;
				GCC_C_LANGUAGE_STANDARD = gnu99;
				GCC_DYNAMIC_NO_PIC = NO;
				GCC_NO_COMMON_BLOCKS = YES;
				GCC_OPTIMIZATION_LEVEL = 0;
				GCC_PREPROCESSOR_DEFINITIONS = (
					"DEBUG=1",
					"$(inherited)",
				);
				GCC_WARN_64_TO_32_BIT_CONVERSION = YES;
				GCC_WARN_ABOUT_RETURN_TYPE = YES_ERROR;
				GCC_WARN_UNDECLARED_SELECTOR = YES;
				GCC_WARN_UNINITIALIZED_AUTOS = YES_AGGRESSIVE;
				GCC_WARN_UNUSED_FUNCTION = YES;
				GCC_WARN_UNUSED_VARIABLE = YES;
				IPHONEOS_DEPLOYMENT_TARGET = 9.2;
				MTL_ENABLE_DEBUG_INFO = YES;
				ONLY_ACTIVE_ARCH = YES;
				SDKROOT = iphoneos;
				SWIFT_OPTIMIZATION_LEVEL = "-Onone";
			};
			name = Debug;
		};
		4DBD995D1CF4140B00E9B1F8 /* Release */ = {
			isa = XCBuildConfiguration;
			buildSettings = {
				ALWAYS_SEARCH_USER_PATHS = NO;
				CLANG_CXX_LANGUAGE_STANDARD = "gnu++0x";
				CLANG_CXX_LIBRARY = "libc++";
				CLANG_ENABLE_MODULES = YES;
				CLANG_ENABLE_OBJC_ARC = YES;
				CLANG_WARN_BOOL_CONVERSION = YES;
				CLANG_WARN_CONSTANT_CONVERSION = YES;
				CLANG_WARN_DIRECT_OBJC_ISA_USAGE = YES_ERROR;
				CLANG_WARN_EMPTY_BODY = YES;
				CLANG_WARN_ENUM_CONVERSION = YES;
				CLANG_WARN_INT_CONVERSION = YES;
				CLANG_WARN_OBJC_ROOT_CLASS = YES_ERROR;
				CLANG_WARN_UNREACHABLE_CODE = YES;
				CLANG_WARN__DUPLICATE_METHOD_MATCH = YES;
				"CODE_SIGN_IDENTITY[sdk=iphoneos*]" = "iPhone Developer";
				COPY_PHASE_STRIP = NO;
				DEBUG_INFORMATION_FORMAT = "dwarf-with-dsym";
				ENABLE_NS_ASSERTIONS = NO;
				ENABLE_STRICT_OBJC_MSGSEND = YES;
				GCC_C_LANGUAGE_STANDARD = gnu99;
				GCC_NO_COMMON_BLOCKS = YES;
				GCC_WARN_64_TO_32_BIT_CONVERSION = YES;
				GCC_WARN_ABOUT_RETURN_TYPE = YES_ERROR;
				GCC_WARN_UNDECLARED_SELECTOR = YES;
				GCC_WARN_UNINITIALIZED_AUTOS = YES_AGGRESSIVE;
				GCC_WARN_UNUSED_FUNCTION = YES;
				GCC_WARN_UNUSED_VARIABLE = YES;
				IPHONEOS_DEPLOYMENT_TARGET = 9.2;
				MTL_ENABLE_DEBUG_INFO = NO;
				SDKROOT = iphoneos;
				VALIDATE_PRODUCT = YES;
			};
			name = Release;
		};
		4DBD995F1CF4140B00E9B1F8 /* Debug */ = {
			isa = XCBuildConfiguration;
			buildSettings = {
				ASSETCATALOG_COMPILER_APPICON_NAME = AppIcon;
				INFOPLIST_FILE = "Sample8-2/Info.plist";
				LD_RUNPATH_SEARCH_PATHS = "$(inherited) @executable_path/Frameworks";
				PRODUCT_BUNDLE_IDENTIFIER = "com.litech.Sample8-2";
				PRODUCT_NAME = "$(TARGET_NAME)";
			};
			name = Debug;
		};
		4DBD99601CF4140B00E9B1F8 /* Release */ = {
			isa = XCBuildConfiguration;
			buildSettings = {
				ASSETCATALOG_COMPILER_APPICON_NAME = AppIcon;
				INFOPLIST_FILE = "Sample8-2/Info.plist";
				LD_RUNPATH_SEARCH_PATHS = "$(inherited) @executable_path/Frameworks";
				PRODUCT_BUNDLE_IDENTIFIER = "com.litech.Sample8-2";
				PRODUCT_NAME = "$(TARGET_NAME)";
			};
			name = Release;
		};
/* End XCBuildConfiguration section */

/* Begin XCConfigurationList section */
		4DBD99451CF4140A00E9B1F8 /* Build configuration list for PBXProject "Sample8-2" */ = {
			isa = XCConfigurationList;
			buildConfigurations = (
				4DBD995C1CF4140B00E9B1F8 /* Debug */,
				4DBD995D1CF4140B00E9B1F8 /* Release */,
			);
			defaultConfigurationIsVisible = 0;
			defaultConfigurationName = Release;
		};
		4DBD995E1CF4140B00E9B1F8 /* Build configuration list for PBXNativeTarget "Sample8-2" */ = {
			isa = XCConfigurationList;
			buildConfigurations = (
				4DBD995F1CF4140B00E9B1F8 /* Debug */,
				4DBD99601CF4140B00E9B1F8 /* Release */,
			);
			defaultConfigurationIsVisible = 0;
		};
/* End XCConfigurationList section */
	};
	rootObject = 4DBD99421CF4140A00E9B1F8 /* Project object */;
}
